{
  "name": "the days of my life",
  "lockfileVersion": 2,
  "requires": true,
  "packages": {
    "": {
      "dependencies": {
        "v-calendar": "^2.2.3"
      }
    },
    "node_modules/@popperjs/core": {
      "version": "2.6.0",
      "resolved": "https://registry.npmjs.org/@popperjs/core/-/core-2.6.0.tgz",
      "integrity": "sha512-cPqjjzuFWNK3BSKLm0abspP0sp/IGOli4p5I5fKFAzdS8fvjdOwDCfZqAaIiXd9lPkOWi3SUUfZof3hEb7J/uw==",
      "peer": true,
      "funding": {
        "type": "opencollective",
        "url": "https://opencollective.com/popperjs"
      }
    },
    "node_modules/core-js": {
      "version": "3.8.3",
      "resolved": "https://registry.npmjs.org/core-js/-/core-js-3.8.3.tgz",
      "integrity": "sha512-KPYXeVZYemC2TkNEkX/01I+7yd+nX3KddKwZ1Ww7SKWdI2wQprSgLmrTddT8nw92AjEklTsPBoSdQBhbI1bQ6Q==",
      "hasInstallScript": true,
      "funding": {
        "type": "opencollective",
        "url": "https://opencollective.com/core-js"
      }
    },
    "node_modules/date-fns": {
      "version": "2.17.0",
      "resolved": "https://registry.npmjs.org/date-fns/-/date-fns-2.17.0.tgz",
      "integrity": "sha512-ZEhqxUtEZeGgg9eHNSOAJ8O9xqSgiJdrL0lzSSfMF54x6KXWJiOH/xntSJ9YomJPrYH/p08t6gWjGWq1SDJlSA==",
      "engines": {
        "node": ">=0.11"
      },
      "funding": {
        "type": "opencollective",
        "url": "https://opencollective.com/date-fns"
      }
    },
    "node_modules/date-fns-tz": {
      "version": "1.1.1",
      "resolved": "https://registry.npmjs.org/date-fns-tz/-/date-fns-tz-1.1.1.tgz",
      "integrity": "sha512-5PR604TlyvpiNXtvn+PZCcCazsI8fI1am3/aimNFN8CMqHQ0KRl+6hB46y4mDbB7bk3+caEx3qHhS7Ewac/FIg==",
      "peerDependencies": {
        "date-fns": ">=2.0.0-alpha.13"
      }
    },
    "node_modules/lodash": {
      "version": "4.17.20",
      "resolved": "https://registry.npmjs.org/lodash/-/lodash-4.17.20.tgz",
      "integrity": "sha512-PlhdFcillOINfeV7Ni6oF1TAEayyZBoZ8bcshTHqOYJYlrqzRK5hagpagky5o4HfCzzd1TRkXPMFq6cKk9rGmA=="
    },
    "node_modules/v-calendar": {
      "version": "2.2.3",
      "resolved": "https://registry.npmjs.org/v-calendar/-/v-calendar-2.2.3.tgz",
      "integrity": "sha512-E4dByu3vDYtleIsZcciUJANpKn6zI0DCXzRsm6g3VsfV7Wpr49t+OQrrc6zVFtISardEUCabivzJOJ0NVdga/Q==",
      "dependencies": {
        "core-js": "^3.6.5",
        "date-fns": "^2.8.1",
        "date-fns-tz": "^1.0.12",
        "lodash": "4.17.20"
      },
      "peerDependencies": {
        "@popperjs/core": "^2.4.0",
        "vue": "^2.5.18"
      }
    },
    "node_modules/vue": {
      "version": "2.6.12",
      "resolved": "https://registry.npmjs.org/vue/-/vue-2.6.12.tgz",
      "integrity": "sha512-uhmLFETqPPNyuLLbsKz6ioJ4q7AZHzD8ZVFNATNyICSZouqP2Sz0rotWQC8UNBF6VGSCs5abnKJoStA6JbCbfg==",
      "peer": true
    }
  },
  "dependencies": {
    "@popperjs/core": {
      "version": "2.6.0",
      "resolved": "https://registry.npmjs.org/@popperjs/core/-/core-2.6.0.tgz",
      "integrity": "sha512-cPqjjzuFWNK3BSKLm0abspP0sp/IGOli4p5I5fKFAzdS8fvjdOwDCfZqAaIiXd9lPkOWi3SUUfZof3hEb7J/uw==",
      "peer": true
    },
    "core-js": {
      "version": "3.8.3",
      "resolved": "https://registry.npmjs.org/core-js/-/core-js-3.8.3.tgz",
      "integrity": "sha512-KPYXeVZYemC2TkNEkX/01I+7yd+nX3KddKwZ1Ww7SKWdI2wQprSgLmrTddT8nw92AjEklTsPBoSdQBhbI1bQ6Q=="
    },
    "date-fns": {
      "version": "2.17.0",
      "resolved": "https://registry.npmjs.org/date-fns/-/date-fns-2.17.0.tgz",
      "integrity": "sha512-ZEhqxUtEZeGgg9eHNSOAJ8O9xqSgiJdrL0lzSSfMF54x6KXWJiOH/xntSJ9YomJPrYH/p08t6gWjGWq1SDJlSA=="
    },
    "date-fns-tz": {
      "version": "1.1.1",
      "resolved": "https://registry.npmjs.org/date-fns-tz/-/date-fns-tz-1.1.1.tgz",
      "integrity": "sha512-5PR604TlyvpiNXtvn+PZCcCazsI8fI1am3/aimNFN8CMqHQ0KRl+6hB46y4mDbB7bk3+caEx3qHhS7Ewac/FIg==",
      "requires": {}
    },
    "lodash": {
      "version": "4.17.20",
      "resolved": "https://registry.npmjs.org/lodash/-/lodash-4.17.20.tgz",
      "integrity": "sha512-PlhdFcillOINfeV7Ni6oF1TAEayyZBoZ8bcshTHqOYJYlrqzRK5hagpagky5o4HfCzzd1TRkXPMFq6cKk9rGmA=="
    },
    "v-calendar": {
      "version": "2.2.3",
      "resolved": "https://registry.npmjs.org/v-calendar/-/v-calendar-2.2.3.tgz",
      "integrity": "sha512-E4dByu3vDYtleIsZcciUJANpKn6zI0DCXzRsm6g3VsfV7Wpr49t+OQrrc6zVFtISardEUCabivzJOJ0NVdga/Q==",
      "requires": {
        "core-js": "^3.6.5",
        "date-fns": "^2.8.1",
        "date-fns-tz": "^1.0.12",
        "lodash": "4.17.20"
      }
    },
    "vue": {
      "version": "2.6.12",
      "resolved": "https://registry.npmjs.org/vue/-/vue-2.6.12.tgz",
      "integrity": "sha512-uhmLFETqPPNyuLLbsKz6ioJ4q7AZHzD8ZVFNATNyICSZouqP2Sz0rotWQC8UNBF6VGSCs5abnKJoStA6JbCbfg==",
      "peer": true
    }
  }
}
